// !$*UTF8*$!
{
	archiveVersion = 1;
	classes = {
	};
	objectVersion = 55;
	objects = {

/* Begin PBXBuildFile section */
		6EFEECB91DB15D241EC18E1D /* Pods_Team_SSS_Team_SSSUITests.framework in Frameworks */ = {isa = PBXBuildFile; fileRef = 5021C5CC1FA9375C8DD8818F /* Pods_Team_SSS_Team_SSSUITests.framework */; };
		8C9F8537282125CE00EA8EFD /* AppDelegate.swift in Sources */ = {isa = PBXBuildFile; fileRef = 8C9F8536282125CE00EA8EFD /* AppDelegate.swift */; };
		8C9F8539282125CE00EA8EFD /* SceneDelegate.swift in Sources */ = {isa = PBXBuildFile; fileRef = 8C9F8538282125CE00EA8EFD /* SceneDelegate.swift */; };
		8C9F853B282125CE00EA8EFD /* ViewController.swift in Sources */ = {isa = PBXBuildFile; fileRef = 8C9F853A282125CE00EA8EFD /* ViewController.swift */; };
		8C9F853E282125CE00EA8EFD /* Main.storyboard in Resources */ = {isa = PBXBuildFile; fileRef = 8C9F853C282125CE00EA8EFD /* Main.storyboard */; };
		8C9F8540282125D000EA8EFD /* Assets.xcassets in Resources */ = {isa = PBXBuildFile; fileRef = 8C9F853F282125D000EA8EFD /* Assets.xcassets */; };
		8C9F8543282125D000EA8EFD /* LaunchScreen.storyboard in Resources */ = {isa = PBXBuildFile; fileRef = 8C9F8541282125D000EA8EFD /* LaunchScreen.storyboard */; };
		8C9F854E282125D000EA8EFD /* Team_SSSTests.swift in Sources */ = {isa = PBXBuildFile; fileRef = 8C9F854D282125D000EA8EFD /* Team_SSSTests.swift */; };
		8C9F8558282125D000EA8EFD /* Team_SSSUITests.swift in Sources */ = {isa = PBXBuildFile; fileRef = 8C9F8557282125D000EA8EFD /* Team_SSSUITests.swift */; };
		8C9F855A282125D000EA8EFD /* Team_SSSUITestsLaunchTests.swift in Sources */ = {isa = PBXBuildFile; fileRef = 8C9F8559282125D000EA8EFD /* Team_SSSUITestsLaunchTests.swift */; };
		8C9F85682824E4DA00EA8EFD /* NoHelmetViewController.swift in Sources */ = {isa = PBXBuildFile; fileRef = 8C9F85672824E4DA00EA8EFD /* NoHelmetViewController.swift */; };
		8C9F856C282679B100EA8EFD /* OtherViewController.swift in Sources */ = {isa = PBXBuildFile; fileRef = 8C9F856B282679B100EA8EFD /* OtherViewController.swift */; };
		91CA9ED8105731F701E69CCE /* Pods_Team_SSS.framework in Frameworks */ = {isa = PBXBuildFile; fileRef = 3F1483F20A0D9E3AD2D76242 /* Pods_Team_SSS.framework */; };
		A5BCB6323545DC11DD5C90FA /* Pods_Team_SSSTests.framework in Frameworks */ = {isa = PBXBuildFile; fileRef = 392E97EECF2D12220B66F964 /* Pods_Team_SSSTests.framework */; };
/* End PBXBuildFile section */

/* Begin PBXContainerItemProxy section */
		8C9F854A282125D000EA8EFD /* PBXContainerItemProxy */ = {
			isa = PBXContainerItemProxy;
			containerPortal = 8C9F852B282125CE00EA8EFD /* Project object */;
			proxyType = 1;
			remoteGlobalIDString = 8C9F8532282125CE00EA8EFD;
			remoteInfo = Team_SSS;
		};
		8C9F8554282125D000EA8EFD /* PBXContainerItemProxy */ = {
			isa = PBXContainerItemProxy;
			containerPortal = 8C9F852B282125CE00EA8EFD /* Project object */;
			proxyType = 1;
			remoteGlobalIDString = 8C9F8532282125CE00EA8EFD;
			remoteInfo = Team_SSS;
		};
/* End PBXContainerItemProxy section */

/* Begin PBXFileReference section */
		0D17DA4AC51F5EA812720326 /* Pods-Team_SSS-Team_SSSUITests.release.xcconfig */ = {isa = PBXFileReference; includeInIndex = 1; lastKnownFileType = text.xcconfig; name = "Pods-Team_SSS-Team_SSSUITests.release.xcconfig"; path = "Target Support Files/Pods-Team_SSS-Team_SSSUITests/Pods-Team_SSS-Team_SSSUITests.release.xcconfig"; sourceTree = "<group>"; };
		2E7949AF7247E57E2B2E6881 /* Pods-Team_SSSTests.release.xcconfig */ = {isa = PBXFileReference; includeInIndex = 1; lastKnownFileType = text.xcconfig; name = "Pods-Team_SSSTests.release.xcconfig"; path = "Target Support Files/Pods-Team_SSSTests/Pods-Team_SSSTests.release.xcconfig"; sourceTree = "<group>"; };
		392E97EECF2D12220B66F964 /* Pods_Team_SSSTests.framework */ = {isa = PBXFileReference; explicitFileType = wrapper.framework; includeInIndex = 0; path = Pods_Team_SSSTests.framework; sourceTree = BUILT_PRODUCTS_DIR; };
		3F1483F20A0D9E3AD2D76242 /* Pods_Team_SSS.framework */ = {isa = PBXFileReference; explicitFileType = wrapper.framework; includeInIndex = 0; path = Pods_Team_SSS.framework; sourceTree = BUILT_PRODUCTS_DIR; };
		5021C5CC1FA9375C8DD8818F /* Pods_Team_SSS_Team_SSSUITests.framework */ = {isa = PBXFileReference; explicitFileType = wrapper.framework; includeInIndex = 0; path = Pods_Team_SSS_Team_SSSUITests.framework; sourceTree = BUILT_PRODUCTS_DIR; };
		5C82571E2E5818EFCC556A9D /* Pods-Team_SSS-Team_SSSUITests.debug.xcconfig */ = {isa = PBXFileReference; includeInIndex = 1; lastKnownFileType = text.xcconfig; name = "Pods-Team_SSS-Team_SSSUITests.debug.xcconfig"; path = "Target Support Files/Pods-Team_SSS-Team_SSSUITests/Pods-Team_SSS-Team_SSSUITests.debug.xcconfig"; sourceTree = "<group>"; };
		65C88A0BEA6629A37625246A /* Pods-Team_SSS.release.xcconfig */ = {isa = PBXFileReference; includeInIndex = 1; lastKnownFileType = text.xcconfig; name = "Pods-Team_SSS.release.xcconfig"; path = "Target Support Files/Pods-Team_SSS/Pods-Team_SSS.release.xcconfig"; sourceTree = "<group>"; };
		7A830A8CB06914AC8FFF5C77 /* Pods-Team_SSSTests.debug.xcconfig */ = {isa = PBXFileReference; includeInIndex = 1; lastKnownFileType = text.xcconfig; name = "Pods-Team_SSSTests.debug.xcconfig"; path = "Target Support Files/Pods-Team_SSSTests/Pods-Team_SSSTests.debug.xcconfig"; sourceTree = "<group>"; };
		8C9F8533282125CE00EA8EFD /* Team_SSS.app */ = {isa = PBXFileReference; explicitFileType = wrapper.application; includeInIndex = 0; path = Team_SSS.app; sourceTree = BUILT_PRODUCTS_DIR; };
		8C9F8536282125CE00EA8EFD /* AppDelegate.swift */ = {isa = PBXFileReference; lastKnownFileType = sourcecode.swift; path = AppDelegate.swift; sourceTree = "<group>"; };
		8C9F8538282125CE00EA8EFD /* SceneDelegate.swift */ = {isa = PBXFileReference; lastKnownFileType = sourcecode.swift; path = SceneDelegate.swift; sourceTree = "<group>"; };
		8C9F853A282125CE00EA8EFD /* ViewController.swift */ = {isa = PBXFileReference; lastKnownFileType = sourcecode.swift; path = ViewController.swift; sourceTree = "<group>"; };
		8C9F853D282125CE00EA8EFD /* Base */ = {isa = PBXFileReference; lastKnownFileType = file.storyboard; name = Base; path = Base.lproj/Main.storyboard; sourceTree = "<group>"; };
		8C9F853F282125D000EA8EFD /* Assets.xcassets */ = {isa = PBXFileReference; lastKnownFileType = folder.assetcatalog; path = Assets.xcassets; sourceTree = "<group>"; };
		8C9F8542282125D000EA8EFD /* Base */ = {isa = PBXFileReference; lastKnownFileType = file.storyboard; name = Base; path = Base.lproj/LaunchScreen.storyboard; sourceTree = "<group>"; };
		8C9F8544282125D000EA8EFD /* Info.plist */ = {isa = PBXFileReference; lastKnownFileType = text.plist.xml; path = Info.plist; sourceTree = "<group>"; };
		8C9F8549282125D000EA8EFD /* Team_SSSTests.xctest */ = {isa = PBXFileReference; explicitFileType = wrapper.cfbundle; includeInIndex = 0; path = Team_SSSTests.xctest; sourceTree = BUILT_PRODUCTS_DIR; };
		8C9F854D282125D000EA8EFD /* Team_SSSTests.swift */ = {isa = PBXFileReference; lastKnownFileType = sourcecode.swift; path = Team_SSSTests.swift; sourceTree = "<group>"; };
		8C9F8553282125D000EA8EFD /* Team_SSSUITests.xctest */ = {isa = PBXFileReference; explicitFileType = wrapper.cfbundle; includeInIndex = 0; path = Team_SSSUITests.xctest; sourceTree = BUILT_PRODUCTS_DIR; };
		8C9F8557282125D000EA8EFD /* Team_SSSUITests.swift */ = {isa = PBXFileReference; lastKnownFileType = sourcecode.swift; path = Team_SSSUITests.swift; sourceTree = "<group>"; };
		8C9F8559282125D000EA8EFD /* Team_SSSUITestsLaunchTests.swift */ = {isa = PBXFileReference; lastKnownFileType = sourcecode.swift; path = Team_SSSUITestsLaunchTests.swift; sourceTree = "<group>"; };
		8C9F85672824E4DA00EA8EFD /* NoHelmetViewController.swift */ = {isa = PBXFileReference; lastKnownFileType = sourcecode.swift; path = NoHelmetViewController.swift; sourceTree = "<group>"; };
		8C9F856B282679B100EA8EFD /* OtherViewController.swift */ = {isa = PBXFileReference; lastKnownFileType = sourcecode.swift; path = OtherViewController.swift; sourceTree = "<group>"; };
		C7F6F772636720A17CF7943D /* Pods-Team_SSS.debug.xcconfig */ = {isa = PBXFileReference; includeInIndex = 1; lastKnownFileType = text.xcconfig; name = "Pods-Team_SSS.debug.xcconfig"; path = "Target Support Files/Pods-Team_SSS/Pods-Team_SSS.debug.xcconfig"; sourceTree = "<group>"; };
/* End PBXFileReference section */

/* Begin PBXFrameworksBuildPhase section */
		8C9F8530282125CE00EA8EFD /* Frameworks */ = {
			isa = PBXFrameworksBuildPhase;
			buildActionMask = 2147483647;
			files = (
				91CA9ED8105731F701E69CCE /* Pods_Team_SSS.framework in Frameworks */,
			);
			runOnlyForDeploymentPostprocessing = 0;
		};
		8C9F8546282125D000EA8EFD /* Frameworks */ = {
			isa = PBXFrameworksBuildPhase;
			buildActionMask = 2147483647;
			files = (
				A5BCB6323545DC11DD5C90FA /* Pods_Team_SSSTests.framework in Frameworks */,
			);
			runOnlyForDeploymentPostprocessing = 0;
		};
		8C9F8550282125D000EA8EFD /* Frameworks */ = {
			isa = PBXFrameworksBuildPhase;
			buildActionMask = 2147483647;
			files = (
				6EFEECB91DB15D241EC18E1D /* Pods_Team_SSS_Team_SSSUITests.framework in Frameworks */,
			);
			runOnlyForDeploymentPostprocessing = 0;
		};
/* End PBXFrameworksBuildPhase section */

/* Begin PBXGroup section */
		757906A95A4407325D3F2FE5 /* Pods */ = {
			isa = PBXGroup;
			children = (
				C7F6F772636720A17CF7943D /* Pods-Team_SSS.debug.xcconfig */,
				65C88A0BEA6629A37625246A /* Pods-Team_SSS.release.xcconfig */,
				5C82571E2E5818EFCC556A9D /* Pods-Team_SSS-Team_SSSUITests.debug.xcconfig */,
				0D17DA4AC51F5EA812720326 /* Pods-Team_SSS-Team_SSSUITests.release.xcconfig */,
				7A830A8CB06914AC8FFF5C77 /* Pods-Team_SSSTests.debug.xcconfig */,
				2E7949AF7247E57E2B2E6881 /* Pods-Team_SSSTests.release.xcconfig */,
			);
			path = Pods;
			sourceTree = "<group>";
		};
		8C9F852A282125CE00EA8EFD = {
			isa = PBXGroup;
			children = (
				8C9F8535282125CE00EA8EFD /* Team_SSS */,
				8C9F854C282125D000EA8EFD /* Team_SSSTests */,
				8C9F8556282125D000EA8EFD /* Team_SSSUITests */,
				8C9F8534282125CE00EA8EFD /* Products */,
				757906A95A4407325D3F2FE5 /* Pods */,
				92C33C07AC50F8680B005211 /* Frameworks */,
			);
			sourceTree = "<group>";
		};
		8C9F8534282125CE00EA8EFD /* Products */ = {
			isa = PBXGroup;
			children = (
				8C9F8533282125CE00EA8EFD /* Team_SSS.app */,
				8C9F8549282125D000EA8EFD /* Team_SSSTests.xctest */,
				8C9F8553282125D000EA8EFD /* Team_SSSUITests.xctest */,
			);
			name = Products;
			sourceTree = "<group>";
		};
		8C9F8535282125CE00EA8EFD /* Team_SSS */ = {
			isa = PBXGroup;
			children = (
				8C9F85662824E48F00EA8EFD /* Controller */,
				8C9F8536282125CE00EA8EFD /* AppDelegate.swift */,
				8C9F8538282125CE00EA8EFD /* SceneDelegate.swift */,
				8C9F853C282125CE00EA8EFD /* Main.storyboard */,
				8C9F853F282125D000EA8EFD /* Assets.xcassets */,
				8C9F8541282125D000EA8EFD /* LaunchScreen.storyboard */,
				8C9F8544282125D000EA8EFD /* Info.plist */,
			);
			path = Team_SSS;
			sourceTree = "<group>";
		};
		8C9F854C282125D000EA8EFD /* Team_SSSTests */ = {
			isa = PBXGroup;
			children = (
				8C9F854D282125D000EA8EFD /* Team_SSSTests.swift */,
			);
			path = Team_SSSTests;
			sourceTree = "<group>";
		};
		8C9F8556282125D000EA8EFD /* Team_SSSUITests */ = {
			isa = PBXGroup;
			children = (
				8C9F8557282125D000EA8EFD /* Team_SSSUITests.swift */,
				8C9F8559282125D000EA8EFD /* Team_SSSUITestsLaunchTests.swift */,
			);
			path = Team_SSSUITests;
			sourceTree = "<group>";
		};
		8C9F85662824E48F00EA8EFD /* Controller */ = {
			isa = PBXGroup;
			children = (
				8C9F853A282125CE00EA8EFD /* ViewController.swift */,
				8C9F85672824E4DA00EA8EFD /* NoHelmetViewController.swift */,
				8C9F856B282679B100EA8EFD /* OtherViewController.swift */,
			);
			path = Controller;
			sourceTree = "<group>";
		};
		92C33C07AC50F8680B005211 /* Frameworks */ = {
			isa = PBXGroup;
			children = (
				3F1483F20A0D9E3AD2D76242 /* Pods_Team_SSS.framework */,
				5021C5CC1FA9375C8DD8818F /* Pods_Team_SSS_Team_SSSUITests.framework */,
				392E97EECF2D12220B66F964 /* Pods_Team_SSSTests.framework */,
			);
			name = Frameworks;
			sourceTree = "<group>";
		};
/* End PBXGroup section */

/* Begin PBXNativeTarget section */
		8C9F8532282125CE00EA8EFD /* Team_SSS */ = {
			isa = PBXNativeTarget;
			buildConfigurationList = 8C9F855D282125D000EA8EFD /* Build configuration list for PBXNativeTarget "Team_SSS" */;
			buildPhases = (
				E1E269F292FA36B1383F3208 /* [CP] Check Pods Manifest.lock */,
				8C9F852F282125CE00EA8EFD /* Sources */,
				8C9F8530282125CE00EA8EFD /* Frameworks */,
				8C9F8531282125CE00EA8EFD /* Resources */,
				1856FD9BCD24C2899073465D /* [CP] Embed Pods Frameworks */,
			);
			buildRules = (
			);
			dependencies = (
			);
			name = Team_SSS;
			productName = Team_SSS;
			productReference = 8C9F8533282125CE00EA8EFD /* Team_SSS.app */;
			productType = "com.apple.product-type.application";
		};
		8C9F8548282125D000EA8EFD /* Team_SSSTests */ = {
			isa = PBXNativeTarget;
			buildConfigurationList = 8C9F8560282125D000EA8EFD /* Build configuration list for PBXNativeTarget "Team_SSSTests" */;
			buildPhases = (
				FB12B5434DABEDCE1ACE33C1 /* [CP] Check Pods Manifest.lock */,
				8C9F8545282125D000EA8EFD /* Sources */,
				8C9F8546282125D000EA8EFD /* Frameworks */,
				8C9F8547282125D000EA8EFD /* Resources */,
			);
			buildRules = (
			);
			dependencies = (
				8C9F854B282125D000EA8EFD /* PBXTargetDependency */,
			);
			name = Team_SSSTests;
			productName = Team_SSSTests;
			productReference = 8C9F8549282125D000EA8EFD /* Team_SSSTests.xctest */;
			productType = "com.apple.product-type.bundle.unit-test";
		};
		8C9F8552282125D000EA8EFD /* Team_SSSUITests */ = {
			isa = PBXNativeTarget;
			buildConfigurationList = 8C9F8563282125D000EA8EFD /* Build configuration list for PBXNativeTarget "Team_SSSUITests" */;
			buildPhases = (
				D00D3E29F4033C813EFEC562 /* [CP] Check Pods Manifest.lock */,
				8C9F854F282125D000EA8EFD /* Sources */,
				8C9F8550282125D000EA8EFD /* Frameworks */,
				8C9F8551282125D000EA8EFD /* Resources */,
				E1A9E9B9C3D19AD01FBE85E5 /* [CP] Embed Pods Frameworks */,
			);
			buildRules = (
			);
			dependencies = (
				8C9F8555282125D000EA8EFD /* PBXTargetDependency */,
			);
			name = Team_SSSUITests;
			productName = Team_SSSUITests;
			productReference = 8C9F8553282125D000EA8EFD /* Team_SSSUITests.xctest */;
			productType = "com.apple.product-type.bundle.ui-testing";
		};
/* End PBXNativeTarget section */

/* Begin PBXProject section */
		8C9F852B282125CE00EA8EFD /* Project object */ = {
			isa = PBXProject;
			attributes = {
				BuildIndependentTargetsInParallel = 1;
				LastSwiftUpdateCheck = 1330;
				LastUpgradeCheck = 1330;
				TargetAttributes = {
					8C9F8532282125CE00EA8EFD = {
						CreatedOnToolsVersion = 13.3;
					};
					8C9F8548282125D000EA8EFD = {
						CreatedOnToolsVersion = 13.3;
						TestTargetID = 8C9F8532282125CE00EA8EFD;
					};
					8C9F8552282125D000EA8EFD = {
						CreatedOnToolsVersion = 13.3;
						TestTargetID = 8C9F8532282125CE00EA8EFD;
					};
				};
			};
			buildConfigurationList = 8C9F852E282125CE00EA8EFD /* Build configuration list for PBXProject "Team_SSS" */;
			compatibilityVersion = "Xcode 13.0";
			developmentRegion = en;
			hasScannedForEncodings = 0;
			knownRegions = (
				en,
				Base,
			);
			mainGroup = 8C9F852A282125CE00EA8EFD;
			productRefGroup = 8C9F8534282125CE00EA8EFD /* Products */;
			projectDirPath = "";
			projectRoot = "";
			targets = (
				8C9F8532282125CE00EA8EFD /* Team_SSS */,
				8C9F8548282125D000EA8EFD /* Team_SSSTests */,
				8C9F8552282125D000EA8EFD /* Team_SSSUITests */,
			);
		};
/* End PBXProject section */

/* Begin PBXResourcesBuildPhase section */
		8C9F8531282125CE00EA8EFD /* Resources */ = {
			isa = PBXResourcesBuildPhase;
			buildActionMask = 2147483647;
			files = (
				8C9F8543282125D000EA8EFD /* LaunchScreen.storyboard in Resources */,
				8C9F8540282125D000EA8EFD /* Assets.xcassets in Resources */,
				8C9F853E282125CE00EA8EFD /* Main.storyboard in Resources */,
			);
			runOnlyForDeploymentPostprocessing = 0;
		};
		8C9F8547282125D000EA8EFD /* Resources */ = {
			isa = PBXResourcesBuildPhase;
			buildActionMask = 2147483647;
			files = (
			);
			runOnlyForDeploymentPostprocessing = 0;
		};
		8C9F8551282125D000EA8EFD /* Resources */ = {
			isa = PBXResourcesBuildPhase;
			buildActionMask = 2147483647;
			files = (
			);
			runOnlyForDeploymentPostprocessing = 0;
		};
/* End PBXResourcesBuildPhase section */

/* Begin PBXShellScriptBuildPhase section */
		1856FD9BCD24C2899073465D /* [CP] Embed Pods Frameworks */ = {
			isa = PBXShellScriptBuildPhase;
			buildActionMask = 2147483647;
			files = (
			);
			inputFileListPaths = (
				"${PODS_ROOT}/Target Support Files/Pods-Team_SSS/Pods-Team_SSS-frameworks-${CONFIGURATION}-input-files.xcfilelist",
			);
			name = "[CP] Embed Pods Frameworks";
			outputFileListPaths = (
				"${PODS_ROOT}/Target Support Files/Pods-Team_SSS/Pods-Team_SSS-frameworks-${CONFIGURATION}-output-files.xcfilelist",
			);
			runOnlyForDeploymentPostprocessing = 0;
			shellPath = /bin/sh;
			shellScript = "\"${PODS_ROOT}/Target Support Files/Pods-Team_SSS/Pods-Team_SSS-frameworks.sh\"\n";
			showEnvVarsInLog = 0;
		};
		D00D3E29F4033C813EFEC562 /* [CP] Check Pods Manifest.lock */ = {
			isa = PBXShellScriptBuildPhase;
			buildActionMask = 2147483647;
			files = (
			);
			inputFileListPaths = (
			);
			inputPaths = (
				"${PODS_PODFILE_DIR_PATH}/Podfile.lock",
				"${PODS_ROOT}/Manifest.lock",
			);
			name = "[CP] Check Pods Manifest.lock";
			outputFileListPaths = (
			);
			outputPaths = (
				"$(DERIVED_FILE_DIR)/Pods-Team_SSS-Team_SSSUITests-checkManifestLockResult.txt",
			);
			runOnlyForDeploymentPostprocessing = 0;
			shellPath = /bin/sh;
			shellScript = "diff \"${PODS_PODFILE_DIR_PATH}/Podfile.lock\" \"${PODS_ROOT}/Manifest.lock\" > /dev/null\nif [ $? != 0 ] ; then\n    # print error to STDERR\n    echo \"error: The sandbox is not in sync with the Podfile.lock. Run 'pod install' or update your CocoaPods installation.\" >&2\n    exit 1\nfi\n# This output is used by Xcode 'outputs' to avoid re-running this script phase.\necho \"SUCCESS\" > \"${SCRIPT_OUTPUT_FILE_0}\"\n";
			showEnvVarsInLog = 0;
		};
		E1A9E9B9C3D19AD01FBE85E5 /* [CP] Embed Pods Frameworks */ = {
			isa = PBXShellScriptBuildPhase;
			buildActionMask = 2147483647;
			files = (
			);
			inputFileListPaths = (
				"${PODS_ROOT}/Target Support Files/Pods-Team_SSS-Team_SSSUITests/Pods-Team_SSS-Team_SSSUITests-frameworks-${CONFIGURATION}-input-files.xcfilelist",
			);
			name = "[CP] Embed Pods Frameworks";
			outputFileListPaths = (
				"${PODS_ROOT}/Target Support Files/Pods-Team_SSS-Team_SSSUITests/Pods-Team_SSS-Team_SSSUITests-frameworks-${CONFIGURATION}-output-files.xcfilelist",
			);
			runOnlyForDeploymentPostprocessing = 0;
			shellPath = /bin/sh;
			shellScript = "\"${PODS_ROOT}/Target Support Files/Pods-Team_SSS-Team_SSSUITests/Pods-Team_SSS-Team_SSSUITests-frameworks.sh\"\n";
			showEnvVarsInLog = 0;
		};
		E1E269F292FA36B1383F3208 /* [CP] Check Pods Manifest.lock */ = {
			isa = PBXShellScriptBuildPhase;
			buildActionMask = 2147483647;
			files = (
			);
			inputFileListPaths = (
			);
			inputPaths = (
				"${PODS_PODFILE_DIR_PATH}/Podfile.lock",
				"${PODS_ROOT}/Manifest.lock",
			);
			name = "[CP] Check Pods Manifest.lock";
			outputFileListPaths = (
			);
			outputPaths = (
				"$(DERIVED_FILE_DIR)/Pods-Team_SSS-checkManifestLockResult.txt",
			);
			runOnlyForDeploymentPostprocessing = 0;
			shellPath = /bin/sh;
			shellScript = "diff \"${PODS_PODFILE_DIR_PATH}/Podfile.lock\" \"${PODS_ROOT}/Manifest.lock\" > /dev/null\nif [ $? != 0 ] ; then\n    # print error to STDERR\n    echo \"error: The sandbox is not in sync with the Podfile.lock. Run 'pod install' or update your CocoaPods installation.\" >&2\n    exit 1\nfi\n# This output is used by Xcode 'outputs' to avoid re-running this script phase.\necho \"SUCCESS\" > \"${SCRIPT_OUTPUT_FILE_0}\"\n";
			showEnvVarsInLog = 0;
		};
		FB12B5434DABEDCE1ACE33C1 /* [CP] Check Pods Manifest.lock */ = {
			isa = PBXShellScriptBuildPhase;
			buildActionMask = 2147483647;
			files = (
			);
			inputFileListPaths = (
			);
			inputPaths = (
				"${PODS_PODFILE_DIR_PATH}/Podfile.lock",
				"${PODS_ROOT}/Manifest.lock",
			);
			name = "[CP] Check Pods Manifest.lock";
			outputFileListPaths = (
			);
			outputPaths = (
				"$(DERIVED_FILE_DIR)/Pods-Team_SSSTests-checkManifestLockResult.txt",
			);
			runOnlyForDeploymentPostprocessing = 0;
			shellPath = /bin/sh;
			shellScript = "diff \"${PODS_PODFILE_DIR_PATH}/Podfile.lock\" \"${PODS_ROOT}/Manifest.lock\" > /dev/null\nif [ $? != 0 ] ; then\n    # print error to STDERR\n    echo \"error: The sandbox is not in sync with the Podfile.lock. Run 'pod install' or update your CocoaPods installation.\" >&2\n    exit 1\nfi\n# This output is used by Xcode 'outputs' to avoid re-running this script phase.\necho \"SUCCESS\" > \"${SCRIPT_OUTPUT_FILE_0}\"\n";
			showEnvVarsInLog = 0;
		};
/* End PBXShellScriptBuildPhase section */

/* Begin PBXSourcesBuildPhase section */
		8C9F852F282125CE00EA8EFD /* Sources */ = {
			isa = PBXSourcesBuildPhase;
			buildActionMask = 2147483647;
			files = (
				8C9F856C282679B100EA8EFD /* OtherViewController.swift in Sources */,
				8C9F853B282125CE00EA8EFD /* ViewController.swift in Sources */,
				8C9F8537282125CE00EA8EFD /* AppDelegate.swift in Sources */,
				8C9F85682824E4DA00EA8EFD /* NoHelmetViewController.swift in Sources */,
				8C9F8539282125CE00EA8EFD /* SceneDelegate.swift in Sources */,
			);
			runOnlyForDeploymentPostprocessing = 0;
		};
		8C9F8545282125D000EA8EFD /* Sources */ = {
			isa = PBXSourcesBuildPhase;
			buildActionMask = 2147483647;
			files = (
				8C9F854E282125D000EA8EFD /* Team_SSSTests.swift in Sources */,
			);
			runOnlyForDeploymentPostprocessing = 0;
		};
		8C9F854F282125D000EA8EFD /* Sources */ = {
			isa = PBXSourcesBuildPhase;
			buildActionMask = 2147483647;
			files = (
				8C9F855A282125D000EA8EFD /* Team_SSSUITestsLaunchTests.swift in Sources */,
				8C9F8558282125D000EA8EFD /* Team_SSSUITests.swift in Sources */,
			);
			runOnlyForDeploymentPostprocessing = 0;
		};
/* End PBXSourcesBuildPhase section */

/* Begin PBXTargetDependency section */
		8C9F854B282125D000EA8EFD /* PBXTargetDependency */ = {
			isa = PBXTargetDependency;
			target = 8C9F8532282125CE00EA8EFD /* Team_SSS */;
			targetProxy = 8C9F854A282125D000EA8EFD /* PBXContainerItemProxy */;
		};
		8C9F8555282125D000EA8EFD /* PBXTargetDependency */ = {
			isa = PBXTargetDependency;
			target = 8C9F8532282125CE00EA8EFD /* Team_SSS */;
			targetProxy = 8C9F8554282125D000EA8EFD /* PBXContainerItemProxy */;
		};
/* End PBXTargetDependency section */

/* Begin PBXVariantGroup section */
		8C9F853C282125CE00EA8EFD /* Main.storyboard */ = {
			isa = PBXVariantGroup;
			children = (
				8C9F853D282125CE00EA8EFD /* Base */,
			);
			name = Main.storyboard;
			sourceTree = "<group>";
		};
		8C9F8541282125D000EA8EFD /* LaunchScreen.storyboard */ = {
			isa = PBXVariantGroup;
			children = (
				8C9F8542282125D000EA8EFD /* Base */,
			);
			name = LaunchScreen.storyboard;
			sourceTree = "<group>";
		};
/* End PBXVariantGroup section */

/* Begin XCBuildConfiguration section */
		8C9F855B282125D000EA8EFD /* Debug */ = {
			isa = XCBuildConfiguration;
			buildSettings = {
				ALWAYS_SEARCH_USER_PATHS = NO;
				CLANG_ANALYZER_NONNULL = YES;
				CLANG_ANALYZER_NUMBER_OBJECT_CONVERSION = YES_AGGRESSIVE;
				CLANG_CXX_LANGUAGE_STANDARD = "gnu++17";
				CLANG_ENABLE_MODULES = YES;
				CLANG_ENABLE_OBJC_ARC = YES;
				CLANG_ENABLE_OBJC_WEAK = YES;
				CLANG_WARN_BLOCK_CAPTURE_AUTORELEASING = YES;
				CLANG_WARN_BOOL_CONVERSION = YES;
				CLANG_WARN_COMMA = YES;
				CLANG_WARN_CONSTANT_CONVERSION = YES;
				CLANG_WARN_DEPRECATED_OBJC_IMPLEMENTATIONS = YES;
				CLANG_WARN_DIRECT_OBJC_ISA_USAGE = YES_ERROR;
				CLANG_WARN_DOCUMENTATION_COMMENTS = YES;
				CLANG_WARN_EMPTY_BODY = YES;
				CLANG_WARN_ENUM_CONVERSION = YES;
				CLANG_WARN_INFINITE_RECURSION = YES;
				CLANG_WARN_INT_CONVERSION = YES;
				CLANG_WARN_NON_LITERAL_NULL_CONVERSION = YES;
				CLANG_WARN_OBJC_IMPLICIT_RETAIN_SELF = YES;
				CLANG_WARN_OBJC_LITERAL_CONVERSION = YES;
				CLANG_WARN_OBJC_ROOT_CLASS = YES_ERROR;
				CLANG_WARN_QUOTED_INCLUDE_IN_FRAMEWORK_HEADER = YES;
				CLANG_WARN_RANGE_LOOP_ANALYSIS = YES;
				CLANG_WARN_STRICT_PROTOTYPES = YES;
				CLANG_WARN_SUSPICIOUS_MOVE = YES;
				CLANG_WARN_UNGUARDED_AVAILABILITY = YES_AGGRESSIVE;
				CLANG_WARN_UNREACHABLE_CODE = YES;
				CLANG_WARN__DUPLICATE_METHOD_MATCH = YES;
				COPY_PHASE_STRIP = NO;
				DEBUG_INFORMATION_FORMAT = dwarf;
				ENABLE_STRICT_OBJC_MSGSEND = YES;
				ENABLE_TESTABILITY = YES;
				GCC_C_LANGUAGE_STANDARD = gnu11;
				GCC_DYNAMIC_NO_PIC = NO;
				GCC_NO_COMMON_BLOCKS = YES;
				GCC_OPTIMIZATION_LEVEL = 0;
				GCC_PREPROCESSOR_DEFINITIONS = (
					"DEBUG=1",
					"$(inherited)",
				);
				GCC_WARN_64_TO_32_BIT_CONVERSION = YES;
				GCC_WARN_ABOUT_RETURN_TYPE = YES_ERROR;
				GCC_WARN_UNDECLARED_SELECTOR = YES;
				GCC_WARN_UNINITIALIZED_AUTOS = YES_AGGRESSIVE;
				GCC_WARN_UNUSED_FUNCTION = YES;
				GCC_WARN_UNUSED_VARIABLE = YES;
				IPHONEOS_DEPLOYMENT_TARGET = 15.4;
				MTL_ENABLE_DEBUG_INFO = INCLUDE_SOURCE;
				MTL_FAST_MATH = YES;
				ONLY_ACTIVE_ARCH = YES;
				SDKROOT = iphoneos;
				SWIFT_ACTIVE_COMPILATION_CONDITIONS = DEBUG;
				SWIFT_OPTIMIZATION_LEVEL = "-Onone";
			};
			name = Debug;
		};
		8C9F855C282125D000EA8EFD /* Release */ = {
			isa = XCBuildConfiguration;
			buildSettings = {
				ALWAYS_SEARCH_USER_PATHS = NO;
				CLANG_ANALYZER_NONNULL = YES;
				CLANG_ANALYZER_NUMBER_OBJECT_CONVERSION = YES_AGGRESSIVE;
				CLANG_CXX_LANGUAGE_STANDARD = "gnu++17";
				CLANG_ENABLE_MODULES = YES;
				CLANG_ENABLE_OBJC_ARC = YES;
				CLANG_ENABLE_OBJC_WEAK = YES;
				CLANG_WARN_BLOCK_CAPTURE_AUTORELEASING = YES;
				CLANG_WARN_BOOL_CONVERSION = YES;
				CLANG_WARN_COMMA = YES;
				CLANG_WARN_CONSTANT_CONVERSION = YES;
				CLANG_WARN_DEPRECATED_OBJC_IMPLEMENTATIONS = YES;
				CLANG_WARN_DIRECT_OBJC_ISA_USAGE = YES_ERROR;
				CLANG_WARN_DOCUMENTATION_COMMENTS = YES;
				CLANG_WARN_EMPTY_BODY = YES;
				CLANG_WARN_ENUM_CONVERSION = YES;
				CLANG_WARN_INFINITE_RECURSION = YES;
				CLANG_WARN_INT_CONVERSION = YES;
				CLANG_WARN_NON_LITERAL_NULL_CONVERSION = YES;
				CLANG_WARN_OBJC_IMPLICIT_RETAIN_SELF = YES;
				CLANG_WARN_OBJC_LITERAL_CONVERSION = YES;
				CLANG_WARN_OBJC_ROOT_CLASS = YES_ERROR;
				CLANG_WARN_QUOTED_INCLUDE_IN_FRAMEWORK_HEADER = YES;
				CLANG_WARN_RANGE_LOOP_ANALYSIS = YES;
				CLANG_WARN_STRICT_PROTOTYPES = YES;
				CLANG_WARN_SUSPICIOUS_MOVE = YES;
				CLANG_WARN_UNGUARDED_AVAILABILITY = YES_AGGRESSIVE;
				CLANG_WARN_UNREACHABLE_CODE = YES;
				CLANG_WARN__DUPLICATE_METHOD_MATCH = YES;
				COPY_PHASE_STRIP = NO;
				DEBUG_INFORMATION_FORMAT = "dwarf-with-dsym";
				ENABLE_NS_ASSERTIONS = NO;
				ENABLE_STRICT_OBJC_MSGSEND = YES;
				GCC_C_LANGUAGE_STANDARD = gnu11;
				GCC_NO_COMMON_BLOCKS = YES;
				GCC_WARN_64_TO_32_BIT_CONVERSION = YES;
				GCC_WARN_ABOUT_RETURN_TYPE = YES_ERROR;
				GCC_WARN_UNDECLARED_SELECTOR = YES;
				GCC_WARN_UNINITIALIZED_AUTOS = YES_AGGRESSIVE;
				GCC_WARN_UNUSED_FUNCTION = YES;
				GCC_WARN_UNUSED_VARIABLE = YES;
				IPHONEOS_DEPLOYMENT_TARGET = 15.4;
				MTL_ENABLE_DEBUG_INFO = NO;
				MTL_FAST_MATH = YES;
				SDKROOT = iphoneos;
				SWIFT_COMPILATION_MODE = wholemodule;
				SWIFT_OPTIMIZATION_LEVEL = "-O";
				VALIDATE_PRODUCT = YES;
			};
			name = Release;
		};
		8C9F855E282125D000EA8EFD /* Debug */ = {
			isa = XCBuildConfiguration;
			baseConfigurationReference = C7F6F772636720A17CF7943D /* Pods-Team_SSS.debug.xcconfig */;
			buildSettings = {
				ASSETCATALOG_COMPILER_APPICON_NAME = AppIcon;
				ASSETCATALOG_COMPILER_GLOBAL_ACCENT_COLOR_NAME = AccentColor;
				CODE_SIGN_STYLE = Automatic;
				CURRENT_PROJECT_VERSION = 1;
				DEVELOPMENT_TEAM = AH24YSXN5M;
				GENERATE_INFOPLIST_FILE = YES;
				INFOPLIST_FILE = Team_SSS/Info.plist;
				INFOPLIST_KEY_UIApplicationSupportsIndirectInputEvents = YES;
				INFOPLIST_KEY_UILaunchStoryboardName = LaunchScreen;
				INFOPLIST_KEY_UIMainStoryboardFile = Main;
				INFOPLIST_KEY_UISupportedInterfaceOrientations_iPad = "UIInterfaceOrientationPortrait UIInterfaceOrientationPortraitUpsideDown UIInterfaceOrientationLandscapeLeft UIInterfaceOrientationLandscapeRight";
				INFOPLIST_KEY_UISupportedInterfaceOrientations_iPhone = "UIInterfaceOrientationPortrait UIInterfaceOrientationLandscapeLeft UIInterfaceOrientationLandscapeRight";
				LD_RUNPATH_SEARCH_PATHS = (
					"$(inherited)",
					"@executable_path/Frameworks",
				);
				MARKETING_VERSION = 1.0;
				PRODUCT_BUNDLE_IDENTIFIER = "kang.Team-SSS";
				PRODUCT_NAME = "$(TARGET_NAME)";
				SWIFT_EMIT_LOC_STRINGS = YES;
				SWIFT_VERSION = 5.0;
				TARGETED_DEVICE_FAMILY = "1,2";
			};
			name = Debug;
		};
		8C9F855F282125D000EA8EFD /* Release */ = {
			isa = XCBuildConfiguration;
			baseConfigurationReference = 65C88A0BEA6629A37625246A /* Pods-Team_SSS.release.xcconfig */;
			buildSettings = {
				ASSETCATALOG_COMPILER_APPICON_NAME = AppIcon;
				ASSETCATALOG_COMPILER_GLOBAL_ACCENT_COLOR_NAME = AccentColor;
				CODE_SIGN_STYLE = Automatic;
				CURRENT_PROJECT_VERSION = 1;
				DEVELOPMENT_TEAM = AH24YSXN5M;
				GENERATE_INFOPLIST_FILE = YES;
				INFOPLIST_FILE = Team_SSS/Info.plist;
				INFOPLIST_KEY_UIApplicationSupportsIndirectInputEvents = YES;
				INFOPLIST_KEY_UILaunchStoryboardName = LaunchScreen;
				INFOPLIST_KEY_UIMainStoryboardFile = Main;
				INFOPLIST_KEY_UISupportedInterfaceOrientations_iPad = "UIInterfaceOrientationPortrait UIInterfaceOrientationPortraitUpsideDown UIInterfaceOrientationLandscapeLeft UIInterfaceOrientationLandscapeRight";
				INFOPLIST_KEY_UISupportedInterfaceOrientations_iPhone = "UIInterfaceOrientationPortrait UIInterfaceOrientationLandscapeLeft UIInterfaceOrientationLandscapeRight";
				LD_RUNPATH_SEARCH_PATHS = (
					"$(inherited)",
					"@executable_path/Frameworks",
				);
				MARKETING_VERSION = 1.0;
				PRODUCT_BUNDLE_IDENTIFIER = "kang.Team-SSS";
				PRODUCT_NAME = "$(TARGET_NAME)";
				SWIFT_EMIT_LOC_STRINGS = YES;
				SWIFT_VERSION = 5.0;
				TARGETED_DEVICE_FAMILY = "1,2";
			};
			name = Release;
		};
		8C9F8561282125D000EA8EFD /* Debug */ = {
			isa = XCBuildConfiguration;
			baseConfigurationReference = 7A830A8CB06914AC8FFF5C77 /* Pods-Team_SSSTests.debug.xcconfig */;
			buildSettings = {
				ALWAYS_EMBED_SWIFT_STANDARD_LIBRARIES = YES;
				BUNDLE_LOADER = "$(TEST_HOST)";
				CODE_SIGN_STYLE = Automatic;
				CURRENT_PROJECT_VERSION = 1;
				GENERATE_INFOPLIST_FILE = YES;
				IPHONEOS_DEPLOYMENT_TARGET = 15.4;
				MARKETING_VERSION = 1.0;
				PRODUCT_BUNDLE_IDENTIFIER = "kang.Team-SSSTests";
				PRODUCT_NAME = "$(TARGET_NAME)";
				SWIFT_EMIT_LOC_STRINGS = NO;
				SWIFT_VERSION = 5.0;
				TARGETED_DEVICE_FAMILY = "1,2";
				TEST_HOST = "$(BUILT_PRODUCTS_DIR)/Team_SSS.app/Team_SSS";
			};
			name = Debug;
		};
		8C9F8562282125D000EA8EFD /* Release */ = {
			isa = XCBuildConfiguration;
			baseConfigurationReference = 2E7949AF7247E57E2B2E6881 /* Pods-Team_SSSTests.release.xcconfig */;
			buildSettings = {
				ALWAYS_EMBED_SWIFT_STANDARD_LIBRARIES = YES;
				BUNDLE_LOADER = "$(TEST_HOST)";
				CODE_SIGN_STYLE = Automatic;
				CURRENT_PROJECT_VERSION = 1;
				GENERATE_INFOPLIST_FILE = YES;
				IPHONEOS_DEPLOYMENT_TARGET = 15.4;
				MARKETING_VERSION = 1.0;
				PRODUCT_BUNDLE_IDENTIFIER = "kang.Team-SSSTests";
				PRODUCT_NAME = "$(TARGET_NAME)";
				SWIFT_EMIT_LOC_STRINGS = NO;
				SWIFT_VERSION = 5.0;
				TARGETED_DEVICE_FAMILY = "1,2";
				TEST_HOST = "$(BUILT_PRODUCTS_DIR)/Team_SSS.app/Team_SSS";
			};
			name = Release;
		};
		8C9F8564282125D000EA8EFD /* Debug */ = {
			isa = XCBuildConfiguration;
			baseConfigurationReference = 5C82571E2E5818EFCC556A9D /* Pods-Team_SSS-Team_SSSUITests.debug.xcconfig */;
			buildSettings = {
				ALWAYS_EMBED_SWIFT_STANDARD_LIBRARIES = YES;
				CODE_SIGN_STYLE = Automatic;
				CURRENT_PROJECT_VERSION = 1;
				GENERATE_INFOPLIST_FILE = YES;
				MARKETING_VERSION = 1.0;
				PRODUCT_BUNDLE_IDENTIFIER = "kang.Team-SSSUITests";
				PRODUCT_NAME = "$(TARGET_NAME)";
				SWIFT_EMIT_LOC_STRINGS = NO;
				SWIFT_VERSION = 5.0;
				TARGETED_DEVICE_FAMILY = "1,2";
				TEST_TARGET_NAME = Team_SSS;
			};
			name = Debug;
		};
		8C9F8565282125D000EA8EFD /* Release */ = {
			isa = XCBuildConfiguration;
			baseConfigurationReference = 0D17DA4AC51F5EA812720326 /* Pods-Team_SSS-Team_SSSUITests.release.xcconfig */;
			buildSettings = {
				ALWAYS_EMBED_SWIFT_STANDARD_LIBRARIES = YES;
				CODE_SIGN_STYLE = Automatic;
				CURRENT_PROJECT_VERSION = 1;
				GENERATE_INFOPLIST_FILE = YES;
				MARKETING_VERSION = 1.0;
				PRODUCT_BUNDLE_IDENTIFIER = "kang.Team-SSSUITests";
				PRODUCT_NAME = "$(TARGET_NAME)";
				SWIFT_EMIT_LOC_STRINGS = NO;
				SWIFT_VERSION = 5.0;
				TARGETED_DEVICE_FAMILY = "1,2";
				TEST_TARGET_NAME = Team_SSS;
			};
			name = Release;
		};
/* End XCBuildConfiguration section */

/* Begin XCConfigurationList section */
		8C9F852E282125CE00EA8EFD /* Build configuration list for PBXProject "Team_SSS" */ = {
			isa = XCConfigurationList;
			buildConfigurations = (
				8C9F855B282125D000EA8EFD /* Debug */,
				8C9F855C282125D000EA8EFD /* Release */,
			);
			defaultConfigurationIsVisible = 0;
			defaultConfigurationName = Release;
		};
		8C9F855D282125D000EA8EFD /* Build configuration list for PBXNativeTarget "Team_SSS" */ = {
			isa = XCConfigurationList;
			buildConfigurations = (
				8C9F855E282125D000EA8EFD /* Debug */,
				8C9F855F282125D000EA8EFD /* Release */,
			);
			defaultConfigurationIsVisible = 0;
			defaultConfigurationName = Release;
		};
		8C9F8560282125D000EA8EFD /* Build configuration list for PBXNativeTarget "Team_SSSTests" */ = {
			isa = XCConfigurationList;
			buildConfigurations = (
				8C9F8561282125D000EA8EFD /* Debug */,
				8C9F8562282125D000EA8EFD /* Release */,
			);
			defaultConfigurationIsVisible = 0;
			defaultConfigurationName = Release;
		};
		8C9F8563282125D000EA8EFD /* Build configuration list for PBXNativeTarget "Team_SSSUITests" */ = {
			isa = XCConfigurationList;
			buildConfigurations = (
				8C9F8564282125D000EA8EFD /* Debug */,
				8C9F8565282125D000EA8EFD /* Release */,
			);
			defaultConfigurationIsVisible = 0;
			defaultConfigurationName = Release;
		};
/* End XCConfigurationList section */
	};
	rootObject = 8C9F852B282125CE00EA8EFD /* Project object */;
}
